
Microsoft Visual Studio Solution File, Format Version 12.00
# Visual Studio 15
VisualStudioVersion = 15.0.27130.0
MinimumVisualStudioVersion = 10.0.40219.1
Project("{FAE04EC0-301F-11D3-BF4B-00C04F79EFBC}") = "GIt", "GIt\GIt.csproj", "{7B70827F-B912-4620-8AF4-4DBF880FA905}"
EndProject
Global
	GlobalSection(SolutionConfigurationPlatforms) = preSolution
		Debug|Any CPU = Debug|Any CPU
		Release|Any CPU = Release|Any CPU
	EndGlobalSection
	GlobalSection(ProjectConfigurationPlatforms) = postSolution
		{7B70827F-B912-4620-8AF4-4DBF880FA905}.Debug|Any CPU.ActiveCfg = Debug|Any CPU
		{7B70827F-B912-4620-8AF4-4DBF880FA905}.Debug|Any CPU.Build.0 = Debug|Any CPU
		{7B70827F-B912-4620-8AF4-4DBF880FA905}.Release|Any CPU.ActiveCfg = Release|Any CPU
		{7B70827F-B912-4620-8AF4-4DBF880FA905}.Release|Any CPU.Build.0 = Release|Any CPU
	EndGlobalSection
	GlobalSection(SolutionProperties) = preSolution
		HideSolutionNode = FALSE
	EndGlobalSection
	GlobalSection(ExtensibilityGlobals) = postSolution
		SolutionGuid = {9A31AADF-F76D-4E83-9E37-F642D41E1E10}
	EndGlobalSection
EndGlobal
